
Microsoft Visual Studio Solution File, Format Version 12.00
# Visual Studio Version 17
VisualStudioVersion = 17.11.35312.102
MinimumVisualStudioVersion = 10.0.40219.1
Project("{FAE04EC0-301F-11D3-BF4B-00C04F79EFBC}") = "WebApplicationApi", "WebApplicationApi\WebApplicationApi.csproj", "{8D2E40A4-8769-48C8-8632-BC471DA77ADD}"
EndProject
Global
	GlobalSection(SolutionConfigurationPlatforms) = preSolution
		Debug|Any CPU = Debug|Any CPU
		Release|Any CPU = Release|Any CPU
	EndGlobalSection
	GlobalSection(ProjectConfigurationPlatforms) = postSolution
		{8D2E40A4-8769-48C8-8632-BC471DA77ADD}.Debug|Any CPU.ActiveCfg = Debug|Any CPU
		{8D2E40A4-8769-48C8-8632-BC471DA77ADD}.Debug|Any CPU.Build.0 = Debug|Any CPU
		{8D2E40A4-8769-48C8-8632-BC471DA77ADD}.Release|Any CPU.ActiveCfg = Release|Any CPU
		{8D2E40A4-8769-48C8-8632-BC471DA77ADD}.Release|Any CPU.Build.0 = Release|Any CPU
	EndGlobalSection
	GlobalSection(SolutionProperties) = preSolution
		HideSolutionNode = FALSE
	EndGlobalSection
	GlobalSection(ExtensibilityGlobals) = postSolution
		SolutionGuid = {52DE5D86-B4C4-4F81-837C-7168FA18C25A}
	EndGlobalSection
EndGlobal
